<Project ToolsVersion="4.0" xmlns="http://schemas.microsoft.com/developer/msbuild/2003">
  <ItemGroup>
    <Filter Include="Source Files">
      <UniqueIdentifier>{4FC737F1-C7A5-4376-A066-2A32D752A2FF}</UniqueIdentifier>
      <Extensions>cpp;c;cc;cxx;def;odl;idl;hpj;bat;asm;asmx</Extensions>
    </Filter>
    <Filter Include="Header Files">
      <UniqueIdentifier>{93995380-89BD-4b04-88EB-625FBE52EBFB}</UniqueIdentifier>
      <Extensions>h;hpp;hxx;hm;inl;inc;xsd</Extensions>
    </Filter>
    <Filter Include="Resource Files">
      <UniqueIdentifier>{67DA6AB6-F800-4c08-8B7A-83BB121AAD01}</UniqueIdentifier>
      <Extensions>rc;ico;cur;bmp;dlg;rc2;rct;bin;rgs;gif;jpg;jpeg;jpe;resx;tiff;tif;png;wav</Extensions>
    </Filter>
    <Filter Include="Blocks">
      <UniqueIdentifier>{40257A94-3E85-41A0-BBDF-215F1873FF66}</UniqueIdentifier>
    </Filter>
    <Filter Include="Blocks\WMFMovieWriter">
      <UniqueIdentifier>{1E6DCA32-AC5C-4290-9F1F-CA4A85BF3F65}</UniqueIdentifier>
    </Filter>
    <Filter Include="Blocks\WMFMovieWriter\src">
      <UniqueIdentifier>{F98786BC-3983-4FDE-AF3F-0C7339A13813}</UniqueIdentifier>
    </Filter>
    <Filter Include="Blocks\WMFMovieWriter\src\wmf">
      <UniqueIdentifier>{CC5D7D61-E370-4890-9C87-C255F102B976}</UniqueIdentifier>
    </Filter>
  </ItemGroup>
  <ItemGroup>
    <ClCompile Include="..\src\SimpleWriterApp.cpp">
      <Filter>Source Files</Filter>
    </ClCompile>
    <ClCompile Include="..\src\SimpleWriterApp.cpp">
      <Filter>Source Files</Filter>
    </ClCompile>
    <ClInclude Include="..\include\Resources.h">
      <Filter>Header Files</Filter>
    </ClInclude>
    <ClCompile Include="..\..\..\src\wmf\MovieWriter.cpp">
      <Filter>Blocks\WMFMovieWriter\src\wmf</Filter>
    </ClCompile>
    <ClInclude Include="..\..\..\src\wmf\MovieWriter.h">
      <Filter>Blocks\WMFMovieWriter\src\wmf</Filter>
    </ClInclude>
  </ItemGroup>
  <ItemGroup>
    <ClInclude Include="..\include\Resources.h">
      <Filter>Header Files</Filter>
    </ClInclude>
  </ItemGroup>
  <ItemGroup>
    <ResourceCompile Include="Resources.rc">
      <Filter>Resource Files</Filter>
    </ResourceCompile>
  </ItemGroup>
</Project>
